
Microsoft Visual Studio Solution File, Format Version 12.00
# Visual Studio Version 16
VisualStudioVersion = 16.0.30011.22
MinimumVisualStudioVersion = 10.0.40219.1
Project("{FAE04EC0-301F-11D3-BF4B-00C04F79EFBC}") = "MessagingApp", "MessagingApp\MessagingApp.csproj", "{0861B828-A80E-483D-9DCD-AE533D72D136}"
EndProject
Global
	GlobalSection(SolutionConfigurationPlatforms) = preSolution
		Debug|Any CPU = Debug|Any CPU
		Release|Any CPU = Release|Any CPU
	EndGlobalSection
	GlobalSection(ProjectConfigurationPlatforms) = postSolution
		{0861B828-A80E-483D-9DCD-AE533D72D136}.Debug|Any CPU.ActiveCfg = Debug|Any CPU
		{0861B828-A80E-483D-9DCD-AE533D72D136}.Debug|Any CPU.Build.0 = Debug|Any CPU
		{0861B828-A80E-483D-9DCD-AE533D72D136}.Release|Any CPU.ActiveCfg = Release|Any CPU
		{0861B828-A80E-483D-9DCD-AE533D72D136}.Release|Any CPU.Build.0 = Release|Any CPU
	EndGlobalSection
	GlobalSection(SolutionProperties) = preSolution
		HideSolutionNode = FALSE
	EndGlobalSection
	GlobalSection(ExtensibilityGlobals) = postSolution
		SolutionGuid = {B70C01F8-56E9-4D90-A566-FC6249645765}
	EndGlobalSection
EndGlobal
